
Microsoft Visual Studio Solution File, Format Version 12.00
# Visual Studio Version 17
VisualStudioVersion = 17.7.34024.191
MinimumVisualStudioVersion = 10.0.40219.1
Project("{FAE04EC0-301F-11D3-BF4B-00C04F79EFBC}") = "PrettyPrintChallenge", "PrettyPrintChallenge\PrettyPrintChallenge.csproj", "{DC80FFF7-8A81-4B6C-884B-6B934F0ABC61}"
EndProject
Global
	GlobalSection(SolutionConfigurationPlatforms) = preSolution
		Debug|Any CPU = Debug|Any CPU
		Release|Any CPU = Release|Any CPU
	EndGlobalSection
	GlobalSection(ProjectConfigurationPlatforms) = postSolution
		{DC80FFF7-8A81-4B6C-884B-6B934F0ABC61}.Debug|Any CPU.ActiveCfg = Debug|Any CPU
		{DC80FFF7-8A81-4B6C-884B-6B934F0ABC61}.Debug|Any CPU.Build.0 = Debug|Any CPU
		{DC80FFF7-8A81-4B6C-884B-6B934F0ABC61}.Release|Any CPU.ActiveCfg = Release|Any CPU
		{DC80FFF7-8A81-4B6C-884B-6B934F0ABC61}.Release|Any CPU.Build.0 = Release|Any CPU
	EndGlobalSection
	GlobalSection(SolutionProperties) = preSolution
		HideSolutionNode = FALSE
	EndGlobalSection
	GlobalSection(ExtensibilityGlobals) = postSolution
		SolutionGuid = {2AC10B97-2629-4DEE-8A11-F4DBA5F0E032}
	EndGlobalSection
EndGlobal
